// !$*UTF8*$!
{
	archiveVersion = 1;
	classes = {
	};
	objectVersion = 51;
	objects = {

/* Begin PBXBuildFile section */
		131ACCF7ECA4D9B6A4E1864F /* Pods_MenuRxExample.framework in Frameworks */ = {isa = PBXBuildFile; fileRef = EBF830700AD8FD453E084BD1 /* Pods_MenuRxExample.framework */; };
		A10D2CF42488FD3D00923F9E /* AppDelegate.swift in Sources */ = {isa = PBXBuildFile; fileRef = A10D2CF32488FD3D00923F9E /* AppDelegate.swift */; };
		A10D2CF82488FD3D00923F9E /* Menu_VC.swift in Sources */ = {isa = PBXBuildFile; fileRef = A10D2CF72488FD3D00923F9E /* Menu_VC.swift */; };
		A10D2CFD2488FD4000923F9E /* Assets.xcassets in Resources */ = {isa = PBXBuildFile; fileRef = A10D2CFC2488FD4000923F9E /* Assets.xcassets */; };
		A10D2D002488FD4000923F9E /* LaunchScreen.storyboard in Resources */ = {isa = PBXBuildFile; fileRef = A10D2CFE2488FD4000923F9E /* LaunchScreen.storyboard */; };
		A10D2D08248952DC00923F9E /* AppCoordinator.swift in Sources */ = {isa = PBXBuildFile; fileRef = A10D2D07248952DB00923F9E /* AppCoordinator.swift */; };
		A10D2D0A2489531900923F9E /* Observable+Extension.swift in Sources */ = {isa = PBXBuildFile; fileRef = A10D2D092489531900923F9E /* Observable+Extension.swift */; };
		A10D2D0C2489536C00923F9E /* Menu.swift in Sources */ = {isa = PBXBuildFile; fileRef = A10D2D0B2489536C00923F9E /* Menu.swift */; };
		A10D2D0E248953AA00923F9E /* Selection_VC.swift in Sources */ = {isa = PBXBuildFile; fileRef = A10D2D0D248953AA00923F9E /* Selection_VC.swift */; };
		A10D2D112489567D00923F9E /* Menu_VM.swift in Sources */ = {isa = PBXBuildFile; fileRef = A10D2D102489567D00923F9E /* Menu_VM.swift */; };
/* End PBXBuildFile section */

/* Begin PBXFileReference section */
		A10D2CF02488FD3C00923F9E /* MenuRxExample.app */ = {isa = PBXFileReference; explicitFileType = wrapper.application; includeInIndex = 0; path = MenuRxExample.app; sourceTree = BUILT_PRODUCTS_DIR; };
		A10D2CF32488FD3D00923F9E /* AppDelegate.swift */ = {isa = PBXFileReference; lastKnownFileType = sourcecode.swift; path = AppDelegate.swift; sourceTree = "<group>"; };
		A10D2CF72488FD3D00923F9E /* Menu_VC.swift */ = {isa = PBXFileReference; lastKnownFileType = sourcecode.swift; path = Menu_VC.swift; sourceTree = "<group>"; };
		A10D2CFC2488FD4000923F9E /* Assets.xcassets */ = {isa = PBXFileReference; lastKnownFileType = folder.assetcatalog; path = Assets.xcassets; sourceTree = "<group>"; };
		A10D2CFF2488FD4000923F9E /* Base */ = {isa = PBXFileReference; lastKnownFileType = file.storyboard; name = Base; path = Base.lproj/LaunchScreen.storyboard; sourceTree = "<group>"; };
		A10D2D012488FD4000923F9E /* Info.plist */ = {isa = PBXFileReference; lastKnownFileType = text.plist.xml; path = Info.plist; sourceTree = "<group>"; };
		A10D2D07248952DB00923F9E /* AppCoordinator.swift */ = {isa = PBXFileReference; lastKnownFileType = sourcecode.swift; path = AppCoordinator.swift; sourceTree = "<group>"; };
		A10D2D092489531900923F9E /* Observable+Extension.swift */ = {isa = PBXFileReference; lastKnownFileType = sourcecode.swift; path = "Observable+Extension.swift"; sourceTree = "<group>"; };
		A10D2D0B2489536C00923F9E /* Menu.swift */ = {isa = PBXFileReference; lastKnownFileType = sourcecode.swift; path = Menu.swift; sourceTree = "<group>"; };
		A10D2D0D248953AA00923F9E /* Selection_VC.swift */ = {isa = PBXFileReference; lastKnownFileType = sourcecode.swift; path = Selection_VC.swift; sourceTree = "<group>"; };
		A10D2D102489567D00923F9E /* Menu_VM.swift */ = {isa = PBXFileReference; lastKnownFileType = sourcecode.swift; path = Menu_VM.swift; sourceTree = "<group>"; };
		C466E6F288F2B560B2AAB7CE /* Pods-MenuRxExample.release.xcconfig */ = {isa = PBXFileReference; includeInIndex = 1; lastKnownFileType = text.xcconfig; name = "Pods-MenuRxExample.release.xcconfig"; path = "Target Support Files/Pods-MenuRxExample/Pods-MenuRxExample.release.xcconfig"; sourceTree = "<group>"; };
		EBF830700AD8FD453E084BD1 /* Pods_MenuRxExample.framework */ = {isa = PBXFileReference; explicitFileType = wrapper.framework; includeInIndex = 0; path = Pods_MenuRxExample.framework; sourceTree = BUILT_PRODUCTS_DIR; };
		F7CA9F4DF69A7C5E6A9583D1 /* Pods-MenuRxExample.debug.xcconfig */ = {isa = PBXFileReference; includeInIndex = 1; lastKnownFileType = text.xcconfig; name = "Pods-MenuRxExample.debug.xcconfig"; path = "Target Support Files/Pods-MenuRxExample/Pods-MenuRxExample.debug.xcconfig"; sourceTree = "<group>"; };
/* End PBXFileReference section */

/* Begin PBXFrameworksBuildPhase section */
		A10D2CED2488FD3C00923F9E /* Frameworks */ = {
			isa = PBXFrameworksBuildPhase;
			buildActionMask = 2147483647;
			files = (
				131ACCF7ECA4D9B6A4E1864F /* Pods_MenuRxExample.framework in Frameworks */,
			);
			runOnlyForDeploymentPostprocessing = 0;
		};
/* End PBXFrameworksBuildPhase section */

/* Begin PBXGroup section */
		154E99BC31B4BB9E2CFE952E /* Pods */ = {
			isa = PBXGroup;
			children = (
				F7CA9F4DF69A7C5E6A9583D1 /* Pods-MenuRxExample.debug.xcconfig */,
				C466E6F288F2B560B2AAB7CE /* Pods-MenuRxExample.release.xcconfig */,
			);
			path = Pods;
			sourceTree = "<group>";
		};
		A10D2CE72488FD3C00923F9E = {
			isa = PBXGroup;
			children = (
				A10D2CF22488FD3C00923F9E /* MenuRxExample */,
				A10D2CF12488FD3C00923F9E /* Products */,
				154E99BC31B4BB9E2CFE952E /* Pods */,
				B10F5447255E50DCE92EB17E /* Frameworks */,
			);
			sourceTree = "<group>";
		};
		A10D2CF12488FD3C00923F9E /* Products */ = {
			isa = PBXGroup;
			children = (
				A10D2CF02488FD3C00923F9E /* MenuRxExample.app */,
			);
			name = Products;
			sourceTree = "<group>";
		};
		A10D2CF22488FD3C00923F9E /* MenuRxExample */ = {
			isa = PBXGroup;
			children = (
				A10D2D0F2489541A00923F9E /* Support */,
				A10D2CF32488FD3D00923F9E /* AppDelegate.swift */,
				A10D2D0B2489536C00923F9E /* Menu.swift */,
				A10D2D07248952DB00923F9E /* AppCoordinator.swift */,
				A10D2CF72488FD3D00923F9E /* Menu_VC.swift */,
				A10D2D102489567D00923F9E /* Menu_VM.swift */,
				A10D2D0D248953AA00923F9E /* Selection_VC.swift */,
				A10D2D092489531900923F9E /* Observable+Extension.swift */,
			);
			path = MenuRxExample;
			sourceTree = "<group>";
		};
		A10D2D0F2489541A00923F9E /* Support */ = {
			isa = PBXGroup;
			children = (
				A10D2CFC2488FD4000923F9E /* Assets.xcassets */,
				A10D2CFE2488FD4000923F9E /* LaunchScreen.storyboard */,
				A10D2D012488FD4000923F9E /* Info.plist */,
			);
			path = Support;
			sourceTree = "<group>";
		};
		B10F5447255E50DCE92EB17E /* Frameworks */ = {
			isa = PBXGroup;
			children = (
				EBF830700AD8FD453E084BD1 /* Pods_MenuRxExample.framework */,
			);
			name = Frameworks;
			sourceTree = "<group>";
		};
/* End PBXGroup section */

/* Begin PBXNativeTarget section */
		A10D2CEF2488FD3C00923F9E /* MenuRxExample */ = {
			isa = PBXNativeTarget;
			buildConfigurationList = A10D2D042488FD4000923F9E /* Build configuration list for PBXNativeTarget "MenuRxExample" */;
			buildPhases = (
				A3C9C7F6A8004175FBB3CFFE /* [CP] Check Pods Manifest.lock */,
				A10D2CEC2488FD3C00923F9E /* Sources */,
				A10D2CED2488FD3C00923F9E /* Frameworks */,
				A10D2CEE2488FD3C00923F9E /* Resources */,
				848E477E0846AF1BC22AAA3B /* [CP] Embed Pods Frameworks */,
			);
			buildRules = (
			);
			dependencies = (
			);
			name = MenuRxExample;
			productName = MenuRxExample;
			productReference = A10D2CF02488FD3C00923F9E /* MenuRxExample.app */;
			productType = "com.apple.product-type.application";
		};
/* End PBXNativeTarget section */

/* Begin PBXProject section */
		A10D2CE82488FD3C00923F9E /* Project object */ = {
			isa = PBXProject;
			attributes = {
				LastSwiftUpdateCheck = 1150;
				LastUpgradeCheck = 1150;
				ORGANIZATIONNAME = "Tomas Baculák";
				TargetAttributes = {
					A10D2CEF2488FD3C00923F9E = {
						CreatedOnToolsVersion = 11.5;
					};
				};
			};
			buildConfigurationList = A10D2CEB2488FD3C00923F9E /* Build configuration list for PBXProject "MenuRxExample" */;
			compatibilityVersion = "Xcode 9.3";
			developmentRegion = en;
			hasScannedForEncodings = 0;
			knownRegions = (
				en,
				Base,
			);
			mainGroup = A10D2CE72488FD3C00923F9E;
			productRefGroup = A10D2CF12488FD3C00923F9E /* Products */;
			projectDirPath = "";
			projectRoot = "";
			targets = (
				A10D2CEF2488FD3C00923F9E /* MenuRxExample */,
			);
		};
/* End PBXProject section */

/* Begin PBXResourcesBuildPhase section */
		A10D2CEE2488FD3C00923F9E /* Resources */ = {
			isa = PBXResourcesBuildPhase;
			buildActionMask = 2147483647;
			files = (
				A10D2D002488FD4000923F9E /* LaunchScreen.storyboard in Resources */,
				A10D2CFD2488FD4000923F9E /* Assets.xcassets in Resources */,
			);
			runOnlyForDeploymentPostprocessing = 0;
		};
/* End PBXResourcesBuildPhase section */

/* Begin PBXShellScriptBuildPhase section */
		848E477E0846AF1BC22AAA3B /* [CP] Embed Pods Frameworks */ = {
			isa = PBXShellScriptBuildPhase;
			buildActionMask = 2147483647;
			files = (
			);
			inputFileListPaths = (
				"${PODS_ROOT}/Target Support Files/Pods-MenuRxExample/Pods-MenuRxExample-frameworks-${CONFIGURATION}-input-files.xcfilelist",
			);
			name = "[CP] Embed Pods Frameworks";
			outputFileListPaths = (
				"${PODS_ROOT}/Target Support Files/Pods-MenuRxExample/Pods-MenuRxExample-frameworks-${CONFIGURATION}-output-files.xcfilelist",
			);
			runOnlyForDeploymentPostprocessing = 0;
			shellPath = /bin/sh;
			shellScript = "\"${PODS_ROOT}/Target Support Files/Pods-MenuRxExample/Pods-MenuRxExample-frameworks.sh\"\n";
			showEnvVarsInLog = 0;
		};
		A3C9C7F6A8004175FBB3CFFE /* [CP] Check Pods Manifest.lock */ = {
			isa = PBXShellScriptBuildPhase;
			buildActionMask = 2147483647;
			files = (
			);
			inputFileListPaths = (
			);
			inputPaths = (
				"${PODS_PODFILE_DIR_PATH}/Podfile.lock",
				"${PODS_ROOT}/Manifest.lock",
			);
			name = "[CP] Check Pods Manifest.lock";
			outputFileListPaths = (
			);
			outputPaths = (
				"$(DERIVED_FILE_DIR)/Pods-MenuRxExample-checkManifestLockResult.txt",
			);
			runOnlyForDeploymentPostprocessing = 0;
			shellPath = /bin/sh;
			shellScript = "diff \"${PODS_PODFILE_DIR_PATH}/Podfile.lock\" \"${PODS_ROOT}/Manifest.lock\" > /dev/null\nif [ $? != 0 ] ; then\n    # print error to STDERR\n    echo \"error: The sandbox is not in sync with the Podfile.lock. Run 'pod install' or update your CocoaPods installation.\" >&2\n    exit 1\nfi\n# This output is used by Xcode 'outputs' to avoid re-running this script phase.\necho \"SUCCESS\" > \"${SCRIPT_OUTPUT_FILE_0}\"\n";
			showEnvVarsInLog = 0;
		};
/* End PBXShellScriptBuildPhase section */

/* Begin PBXSourcesBuildPhase section */
		A10D2CEC2488FD3C00923F9E /* Sources */ = {
			isa = PBXSourcesBuildPhase;
			buildActionMask = 2147483647;
			files = (
				A10D2CF82488FD3D00923F9E /* Menu_VC.swift in Sources */,
				A10D2D08248952DC00923F9E /* AppCoordinator.swift in Sources */,
				A10D2D0A2489531900923F9E /* Observable+Extension.swift in Sources */,
				A10D2D112489567D00923F9E /* Menu_VM.swift in Sources */,
				A10D2D0E248953AA00923F9E /* Selection_VC.swift in Sources */,
				A10D2CF42488FD3D00923F9E /* AppDelegate.swift in Sources */,
				A10D2D0C2489536C00923F9E /* Menu.swift in Sources */,
			);
			runOnlyForDeploymentPostprocessing = 0;
		};
/* End PBXSourcesBuildPhase section */

/* Begin PBXVariantGroup section */
		A10D2CFE2488FD4000923F9E /* LaunchScreen.storyboard */ = {
			isa = PBXVariantGroup;
			children = (
				A10D2CFF2488FD4000923F9E /* Base */,
			);
			name = LaunchScreen.storyboard;
			sourceTree = "<group>";
		};
/* End PBXVariantGroup section */

/* Begin XCBuildConfiguration section */
		A10D2D022488FD4000923F9E /* Debug */ = {
			isa = XCBuildConfiguration;
			buildSettings = {
				ALWAYS_SEARCH_USER_PATHS = NO;
				CLANG_ANALYZER_NONNULL = YES;
				CLANG_ANALYZER_NUMBER_OBJECT_CONVERSION = YES_AGGRESSIVE;
				CLANG_CXX_LANGUAGE_STANDARD = "gnu++14";
				CLANG_CXX_LIBRARY = "libc++";
				CLANG_ENABLE_MODULES = YES;
				CLANG_ENABLE_OBJC_ARC = YES;
				CLANG_ENABLE_OBJC_WEAK = YES;
				CLANG_WARN_BLOCK_CAPTURE_AUTORELEASING = YES;
				CLANG_WARN_BOOL_CONVERSION = YES;
				CLANG_WARN_COMMA = YES;
				CLANG_WARN_CONSTANT_CONVERSION = YES;
				CLANG_WARN_DEPRECATED_OBJC_IMPLEMENTATIONS = YES;
				CLANG_WARN_DIRECT_OBJC_ISA_USAGE = YES_ERROR;
				CLANG_WARN_DOCUMENTATION_COMMENTS = YES;
				CLANG_WARN_EMPTY_BODY = YES;
				CLANG_WARN_ENUM_CONVERSION = YES;
				CLANG_WARN_INFINITE_RECURSION = YES;
				CLANG_WARN_INT_CONVERSION = YES;
				CLANG_WARN_NON_LITERAL_NULL_CONVERSION = YES;
				CLANG_WARN_OBJC_IMPLICIT_RETAIN_SELF = YES;
				CLANG_WARN_OBJC_LITERAL_CONVERSION = YES;
				CLANG_WARN_OBJC_ROOT_CLASS = YES_ERROR;
				CLANG_WARN_RANGE_LOOP_ANALYSIS = YES;
				CLANG_WARN_STRICT_PROTOTYPES = YES;
				CLANG_WARN_SUSPICIOUS_MOVE = YES;
				CLANG_WARN_UNGUARDED_AVAILABILITY = YES_AGGRESSIVE;
				CLANG_WARN_UNREACHABLE_CODE = YES;
				CLANG_WARN__DUPLICATE_METHOD_MATCH = YES;
				COPY_PHASE_STRIP = NO;
				DEBUG_INFORMATION_FORMAT = dwarf;
				ENABLE_STRICT_OBJC_MSGSEND = YES;
				ENABLE_TESTABILITY = YES;
				GCC_C_LANGUAGE_STANDARD = gnu11;
				GCC_DYNAMIC_NO_PIC = NO;
				GCC_NO_COMMON_BLOCKS = YES;
				GCC_OPTIMIZATION_LEVEL = 0;
				GCC_PREPROCESSOR_DEFINITIONS = (
					"DEBUG=1",
					"$(inherited)",
				);
				GCC_WARN_64_TO_32_BIT_CONVERSION = YES;
				GCC_WARN_ABOUT_RETURN_TYPE = YES_ERROR;
				GCC_WARN_UNDECLARED_SELECTOR = YES;
				GCC_WARN_UNINITIALIZED_AUTOS = YES_AGGRESSIVE;
				GCC_WARN_UNUSED_FUNCTION = YES;
				GCC_WARN_UNUSED_VARIABLE = YES;
				IPHONEOS_DEPLOYMENT_TARGET = 13.5;
				MTL_ENABLE_DEBUG_INFO = INCLUDE_SOURCE;
				MTL_FAST_MATH = YES;
				ONLY_ACTIVE_ARCH = YES;
				SDKROOT = iphoneos;
				SWIFT_ACTIVE_COMPILATION_CONDITIONS = DEBUG;
				SWIFT_OPTIMIZATION_LEVEL = "-Onone";
			};
			name = Debug;
		};
		A10D2D032488FD4000923F9E /* Release */ = {
			isa = XCBuildConfiguration;
			buildSettings = {
				ALWAYS_SEARCH_USER_PATHS = NO;
				CLANG_ANALYZER_NONNULL = YES;
				CLANG_ANALYZER_NUMBER_OBJECT_CONVERSION = YES_AGGRESSIVE;
				CLANG_CXX_LANGUAGE_STANDARD = "gnu++14";
				CLANG_CXX_LIBRARY = "libc++";
				CLANG_ENABLE_MODULES = YES;
				CLANG_ENABLE_OBJC_ARC = YES;
				CLANG_ENABLE_OBJC_WEAK = YES;
				CLANG_WARN_BLOCK_CAPTURE_AUTORELEASING = YES;
				CLANG_WARN_BOOL_CONVERSION = YES;
				CLANG_WARN_COMMA = YES;
				CLANG_WARN_CONSTANT_CONVERSION = YES;
				CLANG_WARN_DEPRECATED_OBJC_IMPLEMENTATIONS = YES;
				CLANG_WARN_DIRECT_OBJC_ISA_USAGE = YES_ERROR;
				CLANG_WARN_DOCUMENTATION_COMMENTS = YES;
				CLANG_WARN_EMPTY_BODY = YES;
				CLANG_WARN_ENUM_CONVERSION = YES;
				CLANG_WARN_INFINITE_RECURSION = YES;
				CLANG_WARN_INT_CONVERSION = YES;
				CLANG_WARN_NON_LITERAL_NULL_CONVERSION = YES;
				CLANG_WARN_OBJC_IMPLICIT_RETAIN_SELF = YES;
				CLANG_WARN_OBJC_LITERAL_CONVERSION = YES;
				CLANG_WARN_OBJC_ROOT_CLASS = YES_ERROR;
				CLANG_WARN_RANGE_LOOP_ANALYSIS = YES;
				CLANG_WARN_STRICT_PROTOTYPES = YES;
				CLANG_WARN_SUSPICIOUS_MOVE = YES;
				CLANG_WARN_UNGUARDED_AVAILABILITY = YES_AGGRESSIVE;
				CLANG_WARN_UNREACHABLE_CODE = YES;
				CLANG_WARN__DUPLICATE_METHOD_MATCH = YES;
				COPY_PHASE_STRIP = NO;
				DEBUG_INFORMATION_FORMAT = "dwarf-with-dsym";
				ENABLE_NS_ASSERTIONS = NO;
				ENABLE_STRICT_OBJC_MSGSEND = YES;
				GCC_C_LANGUAGE_STANDARD = gnu11;
				GCC_NO_COMMON_BLOCKS = YES;
				GCC_WARN_64_TO_32_BIT_CONVERSION = YES;
				GCC_WARN_ABOUT_RETURN_TYPE = YES_ERROR;
				GCC_WARN_UNDECLARED_SELECTOR = YES;
				GCC_WARN_UNINITIALIZED_AUTOS = YES_AGGRESSIVE;
				GCC_WARN_UNUSED_FUNCTION = YES;
				GCC_WARN_UNUSED_VARIABLE = YES;
				IPHONEOS_DEPLOYMENT_TARGET = 13.5;
				MTL_ENABLE_DEBUG_INFO = NO;
				MTL_FAST_MATH = YES;
				SDKROOT = iphoneos;
				SWIFT_COMPILATION_MODE = wholemodule;
				SWIFT_OPTIMIZATION_LEVEL = "-O";
				VALIDATE_PRODUCT = YES;
			};
			name = Release;
		};
		A10D2D052488FD4000923F9E /* Debug */ = {
			isa = XCBuildConfiguration;
			baseConfigurationReference = F7CA9F4DF69A7C5E6A9583D1 /* Pods-MenuRxExample.debug.xcconfig */;
			buildSettings = {
				ASSETCATALOG_COMPILER_APPICON_NAME = AppIcon;
				CODE_SIGN_STYLE = Automatic;
				DEVELOPMENT_TEAM = 33XKR35SSN;
				INFOPLIST_FILE = MenuRxExample/Support/Info.plist;
				LD_RUNPATH_SEARCH_PATHS = (
					"$(inherited)",
					"@executable_path/Frameworks",
				);
				PRODUCT_BUNDLE_IDENTIFIER = com.vanya.MenuRxExample;
				PRODUCT_NAME = "$(TARGET_NAME)";
				SWIFT_VERSION = 5.0;
				TARGETED_DEVICE_FAMILY = "1,2";
			};
			name = Debug;
		};
		A10D2D062488FD4000923F9E /* Release */ = {
			isa = XCBuildConfiguration;
			baseConfigurationReference = C466E6F288F2B560B2AAB7CE /* Pods-MenuRxExample.release.xcconfig */;
			buildSettings = {
				ASSETCATALOG_COMPILER_APPICON_NAME = AppIcon;
				CODE_SIGN_STYLE = Automatic;
				DEVELOPMENT_TEAM = 33XKR35SSN;
				INFOPLIST_FILE = MenuRxExample/Support/Info.plist;
				LD_RUNPATH_SEARCH_PATHS = (
					"$(inherited)",
					"@executable_path/Frameworks",
				);
				PRODUCT_BUNDLE_IDENTIFIER = com.vanya.MenuRxExample;
				PRODUCT_NAME = "$(TARGET_NAME)";
				SWIFT_VERSION = 5.0;
				TARGETED_DEVICE_FAMILY = "1,2";
			};
			name = Release;
		};
/* End XCBuildConfiguration section */

/* Begin XCConfigurationList section */
		A10D2CEB2488FD3C00923F9E /* Build configuration list for PBXProject "MenuRxExample" */ = {
			isa = XCConfigurationList;
			buildConfigurations = (
				A10D2D022488FD4000923F9E /* Debug */,
				A10D2D032488FD4000923F9E /* Release */,
			);
			defaultConfigurationIsVisible = 0;
			defaultConfigurationName = Release;
		};
		A10D2D042488FD4000923F9E /* Build configuration list for PBXNativeTarget "MenuRxExample" */ = {
			isa = XCConfigurationList;
			buildConfigurations = (
				A10D2D052488FD4000923F9E /* Debug */,
				A10D2D062488FD4000923F9E /* Release */,
			);
			defaultConfigurationIsVisible = 0;
			defaultConfigurationName = Release;
		};
/* End XCConfigurationList section */
	};
	rootObject = A10D2CE82488FD3C00923F9E /* Project object */;
}
